
Microsoft Visual Studio Solution File, Format Version 12.00
# Visual Studio Version 17
VisualStudioVersion = 17.6.33723.286
MinimumVisualStudioVersion = 10.0.40219.1
Project("{9A19103F-16F7-4668-BE54-9A1E7A4F7556}") = "AppBootstrap", "AppBootstrap\AppBootstrap.csproj", "{11CD5468-A20D-4242-990D-68E6464DB2FF}"
EndProject
Project("{9A19103F-16F7-4668-BE54-9A1E7A4F7556}") = "AppBootstrap.Data", "AppBootstrap.Data\AppBootstrap.Data.csproj", "{AD0F0AC2-ED04-441C-A984-ECD713CEBD07}"
EndProject
Project("{9A19103F-16F7-4668-BE54-9A1E7A4F7556}") = "AppBootstrap.Core", "AppBootstrap.Core\AppBootstrap.Core.csproj", "{E8015FC7-C9CB-41F0-AD30-74BE3CBCFCB3}"
EndProject
Project("{9A19103F-16F7-4668-BE54-9A1E7A4F7556}") = "AppBootstrap.Data.Dapper", "AppBootstrap.Data.Dapper\AppBootstrap.Data.Dapper.csproj", "{0E0851EA-8920-4552-A2C8-066A9B38ED10}"
EndProject
Project("{9A19103F-16F7-4668-BE54-9A1E7A4F7556}") = "AppBootstrap.Services", "AppBootstrap.Services\AppBootstrap.Services.csproj", "{3F4DCCED-BBCB-492A-AB75-1708E4328483}"
EndProject
Global
	GlobalSection(SolutionConfigurationPlatforms) = preSolution
		Debug|Any CPU = Debug|Any CPU
		Release|Any CPU = Release|Any CPU
	EndGlobalSection
	GlobalSection(ProjectConfigurationPlatforms) = postSolution
		{11CD5468-A20D-4242-990D-68E6464DB2FF}.Debug|Any CPU.ActiveCfg = Debug|Any CPU
		{11CD5468-A20D-4242-990D-68E6464DB2FF}.Debug|Any CPU.Build.0 = Debug|Any CPU
		{11CD5468-A20D-4242-990D-68E6464DB2FF}.Release|Any CPU.ActiveCfg = Release|Any CPU
		{11CD5468-A20D-4242-990D-68E6464DB2FF}.Release|Any CPU.Build.0 = Release|Any CPU
		{AD0F0AC2-ED04-441C-A984-ECD713CEBD07}.Debug|Any CPU.ActiveCfg = Debug|Any CPU
		{AD0F0AC2-ED04-441C-A984-ECD713CEBD07}.Debug|Any CPU.Build.0 = Debug|Any CPU
		{AD0F0AC2-ED04-441C-A984-ECD713CEBD07}.Release|Any CPU.ActiveCfg = Release|Any CPU
		{AD0F0AC2-ED04-441C-A984-ECD713CEBD07}.Release|Any CPU.Build.0 = Release|Any CPU
		{E8015FC7-C9CB-41F0-AD30-74BE3CBCFCB3}.Debug|Any CPU.ActiveCfg = Debug|Any CPU
		{E8015FC7-C9CB-41F0-AD30-74BE3CBCFCB3}.Debug|Any CPU.Build.0 = Debug|Any CPU
		{E8015FC7-C9CB-41F0-AD30-74BE3CBCFCB3}.Release|Any CPU.ActiveCfg = Release|Any CPU
		{E8015FC7-C9CB-41F0-AD30-74BE3CBCFCB3}.Release|Any CPU.Build.0 = Release|Any CPU
		{0E0851EA-8920-4552-A2C8-066A9B38ED10}.Debug|Any CPU.ActiveCfg = Debug|Any CPU
		{0E0851EA-8920-4552-A2C8-066A9B38ED10}.Debug|Any CPU.Build.0 = Debug|Any CPU
		{0E0851EA-8920-4552-A2C8-066A9B38ED10}.Release|Any CPU.ActiveCfg = Release|Any CPU
		{0E0851EA-8920-4552-A2C8-066A9B38ED10}.Release|Any CPU.Build.0 = Release|Any CPU
		{3F4DCCED-BBCB-492A-AB75-1708E4328483}.Debug|Any CPU.ActiveCfg = Debug|Any CPU
		{3F4DCCED-BBCB-492A-AB75-1708E4328483}.Debug|Any CPU.Build.0 = Debug|Any CPU
		{3F4DCCED-BBCB-492A-AB75-1708E4328483}.Release|Any CPU.ActiveCfg = Release|Any CPU
		{3F4DCCED-BBCB-492A-AB75-1708E4328483}.Release|Any CPU.Build.0 = Release|Any CPU
	EndGlobalSection
	GlobalSection(SolutionProperties) = preSolution
		HideSolutionNode = FALSE
	EndGlobalSection
	GlobalSection(ExtensibilityGlobals) = postSolution
		SolutionGuid = {CA39789C-74ED-4291-8D2A-65B01F211958}
	EndGlobalSection
EndGlobal
